
Microsoft Visual Studio Solution File, Format Version 12.00
# Visual Studio 2015
Project("{FAE04EC0-301F-11D3-BF4B-00C04F79EFBC}") = "static", "static.csproj", "{8DAEA302-C887-B750-1344-15B88EA25163}"
EndProject
Project("{FAE04EC0-301F-11D3-BF4B-00C04F79EFBC}") = "static.Plugins", "static.Plugins.csproj", "{FC28CEB1-47FC-0CD4-8C8C-31D2090CB2A6}"
EndProject
Project("{FAE04EC0-301F-11D3-BF4B-00C04F79EFBC}") = "static.Editor", "static.Editor.csproj", "{ED22CE50-989D-DE4C-806A-5D0A45F11D65}"
EndProject
Global
	GlobalSection(SolutionConfigurationPlatforms) = preSolution
		Debug|Any CPU = Debug|Any CPU
		Release|Any CPU = Release|Any CPU
	EndGlobalSection
	GlobalSection(ProjectConfigurationPlatforms) = postSolution
		{8DAEA302-C887-B750-1344-15B88EA25163}.Debug|Any CPU.ActiveCfg = Debug|Any CPU
		{8DAEA302-C887-B750-1344-15B88EA25163}.Debug|Any CPU.Build.0 = Debug|Any CPU
		{8DAEA302-C887-B750-1344-15B88EA25163}.Release|Any CPU.ActiveCfg = Release|Any CPU
		{8DAEA302-C887-B750-1344-15B88EA25163}.Release|Any CPU.Build.0 = Release|Any CPU
		{FC28CEB1-47FC-0CD4-8C8C-31D2090CB2A6}.Debug|Any CPU.ActiveCfg = Debug|Any CPU
		{FC28CEB1-47FC-0CD4-8C8C-31D2090CB2A6}.Debug|Any CPU.Build.0 = Debug|Any CPU
		{FC28CEB1-47FC-0CD4-8C8C-31D2090CB2A6}.Release|Any CPU.ActiveCfg = Release|Any CPU
		{FC28CEB1-47FC-0CD4-8C8C-31D2090CB2A6}.Release|Any CPU.Build.0 = Release|Any CPU
		{ED22CE50-989D-DE4C-806A-5D0A45F11D65}.Debug|Any CPU.ActiveCfg = Debug|Any CPU
		{ED22CE50-989D-DE4C-806A-5D0A45F11D65}.Debug|Any CPU.Build.0 = Debug|Any CPU
		{ED22CE50-989D-DE4C-806A-5D0A45F11D65}.Release|Any CPU.ActiveCfg = Release|Any CPU
		{ED22CE50-989D-DE4C-806A-5D0A45F11D65}.Release|Any CPU.Build.0 = Release|Any CPU
	EndGlobalSection
	GlobalSection(SolutionProperties) = preSolution
		HideSolutionNode = FALSE
	EndGlobalSection
EndGlobal
